
Microsoft Visual Studio Solution File, Format Version 12.00
# Visual Studio Version 16
VisualStudioVersion = 16.0.30320.27
MinimumVisualStudioVersion = 10.0.40219.1
Project("{FAE04EC0-301F-11D3-BF4B-00C04F79EFBC}") = "Exerise_Array", "Exerise_Array\Exerise_Array.csproj", "{CDBC2518-007A-4F6E-BB09-F11AFF906943}"
EndProject
Project("{FAE04EC0-301F-11D3-BF4B-00C04F79EFBC}") = "TimTongCuaPhanTuTrongMang", "TimTongCuaPhanTuTrongMang\TimTongCuaPhanTuTrongMang.csproj", "{C99E9BE1-5558-4D7E-AE5D-3534FCC82A6F}"
EndProject
Project("{FAE04EC0-301F-11D3-BF4B-00C04F79EFBC}") = "SaoChepMang", "SaoChepMang\SaoChepMang.csproj", "{93499E28-E130-47A2-8888-631B3511E0AA}"
EndProject
Project("{FAE04EC0-301F-11D3-BF4B-00C04F79EFBC}") = "TimSoPhanTuGiongNhau", "TimSoPhanTuGiongNhau\TimSoPhanTuGiongNhau.csproj", "{A6D2FD8B-EA0C-4274-BB5C-68C8038BB943}"
EndProject
Project("{FAE04EC0-301F-11D3-BF4B-00C04F79EFBC}") = "InPhanTuDuyNhatTrongMang", "InPhanTuDuyNhatTrongMang\InPhanTuDuyNhatTrongMang.csproj", "{46BD5AB5-7589-4065-A285-B2424A671318}"
EndProject
Project("{FAE04EC0-301F-11D3-BF4B-00C04F79EFBC}") = "ChenHaiMangVaoNhau", "ChenHaiMangVaoNhau\ChenHaiMangVaoNhau.csproj", "{C8B109A8-2236-4F01-993A-1D6571478FCE}"
EndProject
Global
	GlobalSection(SolutionConfigurationPlatforms) = preSolution
		Debug|Any CPU = Debug|Any CPU
		Release|Any CPU = Release|Any CPU
	EndGlobalSection
	GlobalSection(ProjectConfigurationPlatforms) = postSolution
		{CDBC2518-007A-4F6E-BB09-F11AFF906943}.Debug|Any CPU.ActiveCfg = Debug|Any CPU
		{CDBC2518-007A-4F6E-BB09-F11AFF906943}.Debug|Any CPU.Build.0 = Debug|Any CPU
		{CDBC2518-007A-4F6E-BB09-F11AFF906943}.Release|Any CPU.ActiveCfg = Release|Any CPU
		{CDBC2518-007A-4F6E-BB09-F11AFF906943}.Release|Any CPU.Build.0 = Release|Any CPU
		{C99E9BE1-5558-4D7E-AE5D-3534FCC82A6F}.Debug|Any CPU.ActiveCfg = Debug|Any CPU
		{C99E9BE1-5558-4D7E-AE5D-3534FCC82A6F}.Debug|Any CPU.Build.0 = Debug|Any CPU
		{C99E9BE1-5558-4D7E-AE5D-3534FCC82A6F}.Release|Any CPU.ActiveCfg = Release|Any CPU
		{C99E9BE1-5558-4D7E-AE5D-3534FCC82A6F}.Release|Any CPU.Build.0 = Release|Any CPU
		{93499E28-E130-47A2-8888-631B3511E0AA}.Debug|Any CPU.ActiveCfg = Debug|Any CPU
		{93499E28-E130-47A2-8888-631B3511E0AA}.Debug|Any CPU.Build.0 = Debug|Any CPU
		{93499E28-E130-47A2-8888-631B3511E0AA}.Release|Any CPU.ActiveCfg = Release|Any CPU
		{93499E28-E130-47A2-8888-631B3511E0AA}.Release|Any CPU.Build.0 = Release|Any CPU
		{A6D2FD8B-EA0C-4274-BB5C-68C8038BB943}.Debug|Any CPU.ActiveCfg = Debug|Any CPU
		{A6D2FD8B-EA0C-4274-BB5C-68C8038BB943}.Debug|Any CPU.Build.0 = Debug|Any CPU
		{A6D2FD8B-EA0C-4274-BB5C-68C8038BB943}.Release|Any CPU.ActiveCfg = Release|Any CPU
		{A6D2FD8B-EA0C-4274-BB5C-68C8038BB943}.Release|Any CPU.Build.0 = Release|Any CPU
		{46BD5AB5-7589-4065-A285-B2424A671318}.Debug|Any CPU.ActiveCfg = Debug|Any CPU
		{46BD5AB5-7589-4065-A285-B2424A671318}.Debug|Any CPU.Build.0 = Debug|Any CPU
		{46BD5AB5-7589-4065-A285-B2424A671318}.Release|Any CPU.ActiveCfg = Release|Any CPU
		{46BD5AB5-7589-4065-A285-B2424A671318}.Release|Any CPU.Build.0 = Release|Any CPU
		{C8B109A8-2236-4F01-993A-1D6571478FCE}.Debug|Any CPU.ActiveCfg = Debug|Any CPU
		{C8B109A8-2236-4F01-993A-1D6571478FCE}.Debug|Any CPU.Build.0 = Debug|Any CPU
		{C8B109A8-2236-4F01-993A-1D6571478FCE}.Release|Any CPU.ActiveCfg = Release|Any CPU
		{C8B109A8-2236-4F01-993A-1D6571478FCE}.Release|Any CPU.Build.0 = Release|Any CPU
	EndGlobalSection
	GlobalSection(SolutionProperties) = preSolution
		HideSolutionNode = FALSE
	EndGlobalSection
	GlobalSection(ExtensibilityGlobals) = postSolution
		SolutionGuid = {4072C150-F166-4BEE-99E1-F7927F72E497}
	EndGlobalSection
EndGlobal
